# generated by rye
# use `rye lock` or `rye sync` to update this lockfile
#
# last locked with the following flags:
#   pre: false
#   features: []
#   all-features: false
#   with-sources: false
#   generate-hashes: false

-e file:.
annotated-types==0.7.0
    # via pydantic
anyio==4.4.0
    # via httpx
    # via starlette
    # via watchfiles
asyncio==3.4.3
    # via smart-home-server
bme680==2.0.0
    # via smart-home-server
boto3==1.34.131
    # via smart-home-server
boto3-stubs==1.34.131
    # via smart-home-server
botocore==1.34.131
    # via boto3
    # via s3transfer
botocore-stubs==1.34.131
    # via boto3-stubs
certifi==2024.6.2
    # via httpcore
    # via httpx
    # via requests
charset-normalizer==3.3.2
    # via requests
click==8.1.7
    # via typer
    # via uvicorn
contourpy==1.2.1
    # via matplotlib
cycler==0.12.1
    # via matplotlib
dnspython==2.6.1
    # via email-validator
email-validator==2.2.0
    # via fastapi
fastapi==0.111.0
    # via smart-home-server
fastapi-cli==0.0.4
    # via fastapi
fonttools==4.53.0
    # via matplotlib
greenlet==3.0.3
    # via sqlalchemy
h11==0.14.0
    # via httpcore
    # via uvicorn
httpcore==1.0.5
    # via httpx
httptools==0.6.1
    # via uvicorn
httpx==0.27.0
    # via fastapi
idna==3.7
    # via anyio
    # via email-validator
    # via httpx
    # via requests
jinja2==3.1.4
    # via fastapi
jmespath==1.0.1
    # via boto3
    # via botocore
kiwisolver==1.4.5
    # via matplotlib
markdown-it-py==3.0.0
    # via rich
markupsafe==2.1.5
    # via jinja2
matplotlib==3.9.0
    # via smart-home-server
mdurl==0.1.2
    # via markdown-it-py
numpy==2.0.0
    # via contourpy
    # via matplotlib
orjson==3.10.5
    # via fastapi
packaging==24.1
    # via matplotlib
pillow==10.4.0
    # via matplotlib
psycopg2-binary==2.9.9
    # via smart-home-server
pydantic==2.7.4
    # via fastapi
    # via sqlmodel
pydantic-core==2.18.4
    # via pydantic
pygments==2.18.0
    # via rich
pyparsing==3.1.2
    # via matplotlib
python-dateutil==2.9.0.post0
    # via botocore
    # via matplotlib
python-dotenv==1.0.1
    # via smart-home-server
    # via uvicorn
python-multipart==0.0.9
    # via fastapi
pyyaml==6.0.1
    # via uvicorn
requests==2.32.3
    # via smart-home-server
rich==13.7.1
    # via typer
ruff==0.5.0
    # via smart-home-server
s3transfer==0.10.1
    # via boto3
schedule==1.2.2
    # via smart-home-server
shellingham==1.5.4
    # via typer
six==1.16.0
    # via python-dateutil
slack-sdk==3.30.0
    # via smart-home-server
smbus2==0.4.3
    # via bme680
sniffio==1.3.1
    # via anyio
    # via httpx
sqlalchemy==2.0.31
    # via sqlmodel
sqlmodel==0.0.19
    # via smart-home-server
starlette==0.37.2
    # via fastapi
typer==0.12.3
    # via fastapi-cli
types-awscrt==0.20.12
    # via botocore-stubs
types-requests==2.32.0.20240622
    # via smart-home-server
types-s3transfer==0.10.1
    # via boto3-stubs
typing-extensions==4.12.2
    # via fastapi
    # via pydantic
    # via pydantic-core
    # via sqlalchemy
    # via typer
ujson==5.10.0
    # via fastapi
urllib3==2.2.2
    # via botocore
    # via requests
    # via types-requests
uvicorn==0.30.1
    # via fastapi
    # via smart-home-server
uvloop==0.19.0
    # via uvicorn
watchfiles==0.22.0
    # via uvicorn
websockets==12.0
    # via uvicorn
